
Microsoft Visual Studio Solution File, Format Version 12.00
# Visual Studio 15
VisualStudioVersion = 15.0.28010.2003
MinimumVisualStudioVersion = 10.0.40219.1
Project("{9A19103F-16F7-4668-BE54-9A1E7A4F7556}") = "demo-db.core", "demo-db.core\demo-db.core.csproj", "{2EE5B8CB-12B6-4620-BBEC-92E6B9F73D5B}"
EndProject
Project("{9A19103F-16F7-4668-BE54-9A1E7A4F7556}") = "demo-db.Data", "demo-db.Data\demo-db.Data.csproj", "{A5F06A99-4086-4A63-81C1-99098EAF23B9}"
EndProject
Project("{FAE04EC0-301F-11D3-BF4B-00C04F79EFBC}") = "demo-db.Services", "Services\demo-db.Services.csproj", "{28A55FB8-BA7C-4030-8CB3-561B95B3324F}"
EndProject
Global
	GlobalSection(SolutionConfigurationPlatforms) = preSolution
		Debug|Any CPU = Debug|Any CPU
		Release|Any CPU = Release|Any CPU
	EndGlobalSection
	GlobalSection(ProjectConfigurationPlatforms) = postSolution
		{2EE5B8CB-12B6-4620-BBEC-92E6B9F73D5B}.Debug|Any CPU.ActiveCfg = Debug|Any CPU
		{2EE5B8CB-12B6-4620-BBEC-92E6B9F73D5B}.Debug|Any CPU.Build.0 = Debug|Any CPU
		{2EE5B8CB-12B6-4620-BBEC-92E6B9F73D5B}.Release|Any CPU.ActiveCfg = Release|Any CPU
		{2EE5B8CB-12B6-4620-BBEC-92E6B9F73D5B}.Release|Any CPU.Build.0 = Release|Any CPU
		{A5F06A99-4086-4A63-81C1-99098EAF23B9}.Debug|Any CPU.ActiveCfg = Debug|Any CPU
		{A5F06A99-4086-4A63-81C1-99098EAF23B9}.Debug|Any CPU.Build.0 = Debug|Any CPU
		{A5F06A99-4086-4A63-81C1-99098EAF23B9}.Release|Any CPU.ActiveCfg = Release|Any CPU
		{A5F06A99-4086-4A63-81C1-99098EAF23B9}.Release|Any CPU.Build.0 = Release|Any CPU
		{28A55FB8-BA7C-4030-8CB3-561B95B3324F}.Debug|Any CPU.ActiveCfg = Debug|Any CPU
		{28A55FB8-BA7C-4030-8CB3-561B95B3324F}.Debug|Any CPU.Build.0 = Debug|Any CPU
		{28A55FB8-BA7C-4030-8CB3-561B95B3324F}.Release|Any CPU.ActiveCfg = Release|Any CPU
		{28A55FB8-BA7C-4030-8CB3-561B95B3324F}.Release|Any CPU.Build.0 = Release|Any CPU
	EndGlobalSection
	GlobalSection(SolutionProperties) = preSolution
		HideSolutionNode = FALSE
	EndGlobalSection
	GlobalSection(ExtensibilityGlobals) = postSolution
		SolutionGuid = {F89D0B64-C831-4881-B590-80BAC7C21493}
	EndGlobalSection
EndGlobal
